// !$*UTF8*$!
{
	archiveVersion = 1;
	classes = {
	};
	objectVersion = 46;
	objects = {

/* Begin PBXAggregateTarget section */
		"DeviceUtil::DeviceUtilPackageTests::ProductTarget" /* DeviceUtilPackageTests */ = {
			isa = PBXAggregateTarget;
			buildConfigurationList = OBJ_42 /* Build configuration list for PBXAggregateTarget "DeviceUtilPackageTests" */;
			buildPhases = (
			);
			dependencies = (
				OBJ_45 /* PBXTargetDependency */,
			);
			name = DeviceUtilPackageTests;
			productName = DeviceUtilPackageTests;
		};
/* End PBXAggregateTarget section */

/* Begin PBXBuildFile section */
		OBJ_24 /* Package.swift in Sources */ = {isa = PBXBuildFile; fileRef = OBJ_6 /* Package.swift */; };
		OBJ_30 /* DeviceUtilTests.swift in Sources */ = {isa = PBXBuildFile; fileRef = OBJ_15 /* DeviceUtilTests.swift */; };
		OBJ_32 /* DeviceUtil.framework in Frameworks */ = {isa = PBXBuildFile; fileRef = "DeviceUtil::DeviceUtil::Product" /* DeviceUtil.framework */; };
		OBJ_39 /* DeviceUtil.m in Sources */ = {isa = PBXBuildFile; fileRef = OBJ_9 /* DeviceUtil.m */; };
/* End PBXBuildFile section */

/* Begin PBXContainerItemProxy section */
		950C2D89207D5F8100D7AB3C /* PBXContainerItemProxy */ = {
			isa = PBXContainerItemProxy;
			containerPortal = OBJ_1 /* Project object */;
			proxyType = 1;
			remoteGlobalIDString = "DeviceUtil::DeviceUtil";
			remoteInfo = DeviceUtil;
		};
		950C2D8A207D5F8100D7AB3C /* PBXContainerItemProxy */ = {
			isa = PBXContainerItemProxy;
			containerPortal = OBJ_1 /* Project object */;
			proxyType = 1;
			remoteGlobalIDString = "DeviceUtil::DeviceUtilTests";
			remoteInfo = DeviceUtilTests;
		};
/* End PBXContainerItemProxy section */

/* Begin PBXFileReference section */
		"DeviceUtil::DeviceUtil::Product" /* DeviceUtil.framework */ = {isa = PBXFileReference; explicitFileType = wrapper.framework; path = DeviceUtil.framework; sourceTree = BUILT_PRODUCTS_DIR; };
		"DeviceUtil::DeviceUtilTests::Product" /* DeviceUtilTests.xctest */ = {isa = PBXFileReference; lastKnownFileType = file; path = DeviceUtilTests.xctest; sourceTree = BUILT_PRODUCTS_DIR; };
		OBJ_11 /* DeviceUtil.h */ = {isa = PBXFileReference; lastKnownFileType = sourcecode.c.h; path = DeviceUtil.h; sourceTree = "<group>"; };
		OBJ_12 /* module.modulemap */ = {isa = PBXFileReference; lastKnownFileType = "sourcecode.module-map"; name = module.modulemap; path = /Users/possenb/Projects/DeviceUtil/DeviceUtil.xcodeproj/GeneratedModuleMap/DeviceUtil/module.modulemap; sourceTree = "<group>"; };
		OBJ_15 /* DeviceUtilTests.swift */ = {isa = PBXFileReference; lastKnownFileType = sourcecode.swift; path = DeviceUtilTests.swift; sourceTree = "<group>"; };
		OBJ_6 /* Package.swift */ = {isa = PBXFileReference; explicitFileType = sourcecode.swift; path = Package.swift; sourceTree = "<group>"; };
		OBJ_9 /* DeviceUtil.m */ = {isa = PBXFileReference; lastKnownFileType = sourcecode.c.objc; path = DeviceUtil.m; sourceTree = "<group>"; };
/* End PBXFileReference section */

/* Begin PBXFrameworksBuildPhase section */
		OBJ_31 /* Frameworks */ = {
			isa = PBXFrameworksBuildPhase;
			buildActionMask = 0;
			files = (
				OBJ_32 /* DeviceUtil.framework in Frameworks */,
			);
			runOnlyForDeploymentPostprocessing = 0;
		};
		OBJ_40 /* Frameworks */ = {
			isa = PBXFrameworksBuildPhase;
			buildActionMask = 0;
			files = (
			);
			runOnlyForDeploymentPostprocessing = 0;
		};
/* End PBXFrameworksBuildPhase section */

/* Begin PBXGroup section */
		OBJ_10 /* include */ = {
			isa = PBXGroup;
			children = (
				OBJ_11 /* DeviceUtil.h */,
				OBJ_12 /* module.modulemap */,
			);
			path = include;
			sourceTree = "<group>";
		};
		OBJ_13 /* Tests */ = {
			isa = PBXGroup;
			children = (
				OBJ_14 /* DeviceUtilTests */,
			);
			name = Tests;
			sourceTree = SOURCE_ROOT;
		};
		OBJ_14 /* DeviceUtilTests */ = {
			isa = PBXGroup;
			children = (
				OBJ_15 /* DeviceUtilTests.swift */,
			);
			name = DeviceUtilTests;
			path = Tests/DeviceUtilTests;
			sourceTree = SOURCE_ROOT;
		};
		OBJ_16 /* Products */ = {
			isa = PBXGroup;
			children = (
				"DeviceUtil::DeviceUtilTests::Product" /* DeviceUtilTests.xctest */,
				"DeviceUtil::DeviceUtil::Product" /* DeviceUtil.framework */,
			);
			name = Products;
			sourceTree = BUILT_PRODUCTS_DIR;
		};
		OBJ_5 /*  */ = {
			isa = PBXGroup;
			children = (
				OBJ_6 /* Package.swift */,
				OBJ_7 /* Sources */,
				OBJ_13 /* Tests */,
				OBJ_16 /* Products */,
			);
			name = "";
			sourceTree = "<group>";
		};
		OBJ_7 /* Sources */ = {
			isa = PBXGroup;
			children = (
				OBJ_8 /* DeviceUtil */,
			);
			name = Sources;
			sourceTree = SOURCE_ROOT;
		};
		OBJ_8 /* DeviceUtil */ = {
			isa = PBXGroup;
			children = (
				OBJ_9 /* DeviceUtil.m */,
				OBJ_10 /* include */,
			);
			name = DeviceUtil;
			path = Sources/DeviceUtil;
			sourceTree = SOURCE_ROOT;
		};
/* End PBXGroup section */

/* Begin PBXNativeTarget section */
		"DeviceUtil::DeviceUtil" /* DeviceUtil */ = {
			isa = PBXNativeTarget;
			buildConfigurationList = OBJ_35 /* Build configuration list for PBXNativeTarget "DeviceUtil" */;
			buildPhases = (
				OBJ_38 /* Sources */,
				OBJ_40 /* Frameworks */,
			);
			buildRules = (
			);
			dependencies = (
			);
			name = DeviceUtil;
			productName = DeviceUtil;
			productReference = "DeviceUtil::DeviceUtil::Product" /* DeviceUtil.framework */;
			productType = "com.apple.product-type.framework";
		};
		"DeviceUtil::DeviceUtilTests" /* DeviceUtilTests */ = {
			isa = PBXNativeTarget;
			buildConfigurationList = OBJ_26 /* Build configuration list for PBXNativeTarget "DeviceUtilTests" */;
			buildPhases = (
				OBJ_29 /* Sources */,
				OBJ_31 /* Frameworks */,
			);
			buildRules = (
			);
			dependencies = (
				OBJ_33 /* PBXTargetDependency */,
			);
			name = DeviceUtilTests;
			productName = DeviceUtilTests;
			productReference = "DeviceUtil::DeviceUtilTests::Product" /* DeviceUtilTests.xctest */;
			productType = "com.apple.product-type.bundle.unit-test";
		};
		"DeviceUtil::SwiftPMPackageDescription" /* DeviceUtilPackageDescription */ = {
			isa = PBXNativeTarget;
			buildConfigurationList = OBJ_20 /* Build configuration list for PBXNativeTarget "DeviceUtilPackageDescription" */;
			buildPhases = (
				OBJ_23 /* Sources */,
			);
			buildRules = (
			);
			dependencies = (
			);
			name = DeviceUtilPackageDescription;
			productName = DeviceUtilPackageDescription;
			productType = "com.apple.product-type.framework";
		};
/* End PBXNativeTarget section */

/* Begin PBXProject section */
		OBJ_1 /* Project object */ = {
			isa = PBXProject;
			attributes = {
				LastUpgradeCheck = 9999;
			};
			buildConfigurationList = OBJ_2 /* Build configuration list for PBXProject "DeviceUtil" */;
			compatibilityVersion = "Xcode 3.2";
			developmentRegion = English;
			hasScannedForEncodings = 0;
			knownRegions = (
				en,
			);
			mainGroup = OBJ_5 /*  */;
			productRefGroup = OBJ_16 /* Products */;
			projectDirPath = "";
			projectRoot = "";
			targets = (
				"DeviceUtil::SwiftPMPackageDescription" /* DeviceUtilPackageDescription */,
				"DeviceUtil::DeviceUtilTests" /* DeviceUtilTests */,
				"DeviceUtil::DeviceUtil" /* DeviceUtil */,
				"DeviceUtil::DeviceUtilPackageTests::ProductTarget" /* DeviceUtilPackageTests */,
			);
		};
/* End PBXProject section */

/* Begin PBXSourcesBuildPhase section */
		OBJ_23 /* Sources */ = {
			isa = PBXSourcesBuildPhase;
			buildActionMask = 0;
			files = (
				OBJ_24 /* Package.swift in Sources */,
			);
			runOnlyForDeploymentPostprocessing = 0;
		};
		OBJ_29 /* Sources */ = {
			isa = PBXSourcesBuildPhase;
			buildActionMask = 0;
			files = (
				OBJ_30 /* DeviceUtilTests.swift in Sources */,
			);
			runOnlyForDeploymentPostprocessing = 0;
		};
		OBJ_38 /* Sources */ = {
			isa = PBXSourcesBuildPhase;
			buildActionMask = 0;
			files = (
				OBJ_39 /* DeviceUtil.m in Sources */,
			);
			runOnlyForDeploymentPostprocessing = 0;
		};
/* End PBXSourcesBuildPhase section */

/* Begin PBXTargetDependency section */
		OBJ_33 /* PBXTargetDependency */ = {
			isa = PBXTargetDependency;
			target = "DeviceUtil::DeviceUtil" /* DeviceUtil */;
			targetProxy = 950C2D89207D5F8100D7AB3C /* PBXContainerItemProxy */;
		};
		OBJ_45 /* PBXTargetDependency */ = {
			isa = PBXTargetDependency;
			target = "DeviceUtil::DeviceUtilTests" /* DeviceUtilTests */;
			targetProxy = 950C2D8A207D5F8100D7AB3C /* PBXContainerItemProxy */;
		};
/* End PBXTargetDependency section */

/* Begin XCBuildConfiguration section */
		OBJ_21 /* Debug */ = {
			isa = XCBuildConfiguration;
			buildSettings = {
				LD = /usr/bin/true;
				OTHER_SWIFT_FLAGS = "-swift-version 4 -I /Applications/Xcode.app/Contents/Developer/Toolchains/XcodeDefault.xctoolchain/usr/lib/swift/pm/4 -target x86_64-apple-macosx10.10 -sdk /Applications/Xcode.app/Contents/Developer/Platforms/MacOSX.platform/Developer/SDKs/MacOSX10.13.sdk";
				SWIFT_VERSION = 4.0;
			};
			name = Debug;
		};
		OBJ_22 /* Release */ = {
			isa = XCBuildConfiguration;
			buildSettings = {
				LD = /usr/bin/true;
				OTHER_SWIFT_FLAGS = "-swift-version 4 -I /Applications/Xcode.app/Contents/Developer/Toolchains/XcodeDefault.xctoolchain/usr/lib/swift/pm/4 -target x86_64-apple-macosx10.10 -sdk /Applications/Xcode.app/Contents/Developer/Platforms/MacOSX.platform/Developer/SDKs/MacOSX10.13.sdk";
				SWIFT_VERSION = 4.0;
			};
			name = Release;
		};
		OBJ_27 /* Debug */ = {
			isa = XCBuildConfiguration;
			buildSettings = {
				EMBEDDED_CONTENT_CONTAINS_SWIFT = YES;
				FRAMEWORK_SEARCH_PATHS = (
					"$(inherited)",
					"$(PLATFORM_DIR)/Developer/Library/Frameworks",
				);
				HEADER_SEARCH_PATHS = (
					"$(inherited)",
					"$(SRCROOT)/Sources/DeviceUtil/include",
					"$(SRCROOT)/DeviceUtil.xcodeproj/GeneratedModuleMap/DeviceUtil",
				);
				INFOPLIST_FILE = DeviceUtil.xcodeproj/DeviceUtilTests_Info.plist;
				LD_RUNPATH_SEARCH_PATHS = "@loader_path/../Frameworks @loader_path/Frameworks";
				OTHER_LDFLAGS = "$(inherited)";
				OTHER_SWIFT_FLAGS = "$(inherited) -Xcc -fmodule-map-file=$(SRCROOT)/DeviceUtil.xcodeproj/GeneratedModuleMap/DeviceUtil/module.modulemap";
				SWIFT_VERSION = 4.0;
				TARGET_NAME = DeviceUtilTests;
			};
			name = Debug;
		};
		OBJ_28 /* Release */ = {
			isa = XCBuildConfiguration;
			buildSettings = {
				EMBEDDED_CONTENT_CONTAINS_SWIFT = YES;
				FRAMEWORK_SEARCH_PATHS = (
					"$(inherited)",
					"$(PLATFORM_DIR)/Developer/Library/Frameworks",
				);
				HEADER_SEARCH_PATHS = (
					"$(inherited)",
					"$(SRCROOT)/Sources/DeviceUtil/include",
					"$(SRCROOT)/DeviceUtil.xcodeproj/GeneratedModuleMap/DeviceUtil",
				);
				INFOPLIST_FILE = DeviceUtil.xcodeproj/DeviceUtilTests_Info.plist;
				LD_RUNPATH_SEARCH_PATHS = "@loader_path/../Frameworks @loader_path/Frameworks";
				OTHER_LDFLAGS = "$(inherited)";
				OTHER_SWIFT_FLAGS = "$(inherited) -Xcc -fmodule-map-file=$(SRCROOT)/DeviceUtil.xcodeproj/GeneratedModuleMap/DeviceUtil/module.modulemap";
				SWIFT_VERSION = 4.0;
				TARGET_NAME = DeviceUtilTests;
			};
			name = Release;
		};
		OBJ_3 /* Debug */ = {
			isa = XCBuildConfiguration;
			buildSettings = {
				CLANG_ENABLE_OBJC_ARC = YES;
				COMBINE_HIDPI_IMAGES = YES;
				COPY_PHASE_STRIP = NO;
				DEBUG_INFORMATION_FORMAT = dwarf;
				DYLIB_INSTALL_NAME_BASE = "@rpath";
				ENABLE_NS_ASSERTIONS = YES;
				GCC_OPTIMIZATION_LEVEL = 0;
				IPHONEOS_DEPLOYMENT_TARGET = 9.3;
				MACOSX_DEPLOYMENT_TARGET = 10.10;
				ONLY_ACTIVE_ARCH = YES;
				OTHER_SWIFT_FLAGS = "-DXcode";
				PRODUCT_NAME = "$(TARGET_NAME)";
				SDKROOT = iphoneos;
				SWIFT_ACTIVE_COMPILATION_CONDITIONS = SWIFT_PACKAGE;
				SWIFT_OPTIMIZATION_LEVEL = "-Onone";
				USE_HEADERMAP = NO;
			};
			name = Debug;
		};
		OBJ_36 /* Debug */ = {
			isa = XCBuildConfiguration;
			buildSettings = {
				DEFINES_MODULE = NO;
				ENABLE_TESTABILITY = YES;
				FRAMEWORK_SEARCH_PATHS = (
					"$(inherited)",
					"$(PLATFORM_DIR)/Developer/Library/Frameworks",
				);
				HEADER_SEARCH_PATHS = (
					"$(inherited)",
					"$(SRCROOT)/Sources/DeviceUtil/include",
				);
				INFOPLIST_FILE = DeviceUtil.xcodeproj/DeviceUtil_Info.plist;
				LD_RUNPATH_SEARCH_PATHS = "$(TOOLCHAIN_DIR)/usr/lib/swift/macosx";
				OTHER_LDFLAGS = "$(inherited)";
				OTHER_SWIFT_FLAGS = "$(inherited)";
				PRODUCT_BUNDLE_IDENTIFIER = DeviceUtil;
				PRODUCT_MODULE_NAME = "$(TARGET_NAME:c99extidentifier)";
				PRODUCT_NAME = "$(TARGET_NAME:c99extidentifier)";
				SKIP_INSTALL = YES;
				TARGET_NAME = DeviceUtil;
			};
			name = Debug;
		};
		OBJ_37 /* Release */ = {
			isa = XCBuildConfiguration;
			buildSettings = {
				DEFINES_MODULE = NO;
				ENABLE_TESTABILITY = YES;
				FRAMEWORK_SEARCH_PATHS = (
					"$(inherited)",
					"$(PLATFORM_DIR)/Developer/Library/Frameworks",
				);
				HEADER_SEARCH_PATHS = (
					"$(inherited)",
					"$(SRCROOT)/Sources/DeviceUtil/include",
				);
				INFOPLIST_FILE = DeviceUtil.xcodeproj/DeviceUtil_Info.plist;
				LD_RUNPATH_SEARCH_PATHS = "$(TOOLCHAIN_DIR)/usr/lib/swift/macosx";
				OTHER_LDFLAGS = "$(inherited)";
				OTHER_SWIFT_FLAGS = "$(inherited)";
				PRODUCT_BUNDLE_IDENTIFIER = DeviceUtil;
				PRODUCT_MODULE_NAME = "$(TARGET_NAME:c99extidentifier)";
				PRODUCT_NAME = "$(TARGET_NAME:c99extidentifier)";
				SKIP_INSTALL = YES;
				TARGET_NAME = DeviceUtil;
			};
			name = Release;
		};
		OBJ_4 /* Release */ = {
			isa = XCBuildConfiguration;
			buildSettings = {
				CLANG_ENABLE_OBJC_ARC = YES;
				COMBINE_HIDPI_IMAGES = YES;
				COPY_PHASE_STRIP = YES;
				DEBUG_INFORMATION_FORMAT = "dwarf-with-dsym";
				DYLIB_INSTALL_NAME_BASE = "@rpath";
				GCC_OPTIMIZATION_LEVEL = s;
				IPHONEOS_DEPLOYMENT_TARGET = 9.3;
				MACOSX_DEPLOYMENT_TARGET = 10.10;
				OTHER_SWIFT_FLAGS = "-DXcode";
				PRODUCT_NAME = "$(TARGET_NAME)";
				SDKROOT = iphoneos;
				SWIFT_ACTIVE_COMPILATION_CONDITIONS = SWIFT_PACKAGE;
				SWIFT_OPTIMIZATION_LEVEL = "-Owholemodule";
				USE_HEADERMAP = NO;
			};
			name = Release;
		};
		OBJ_43 /* Debug */ = {
			isa = XCBuildConfiguration;
			buildSettings = {
			};
			name = Debug;
		};
		OBJ_44 /* Release */ = {
			isa = XCBuildConfiguration;
			buildSettings = {
			};
			name = Release;
		};
/* End XCBuildConfiguration section */

/* Begin XCConfigurationList section */
		OBJ_2 /* Build configuration list for PBXProject "DeviceUtil" */ = {
			isa = XCConfigurationList;
			buildConfigurations = (
				OBJ_3 /* Debug */,
				OBJ_4 /* Release */,
			);
			defaultConfigurationIsVisible = 0;
			defaultConfigurationName = Debug;
		};
		OBJ_20 /* Build configuration list for PBXNativeTarget "DeviceUtilPackageDescription" */ = {
			isa = XCConfigurationList;
			buildConfigurations = (
				OBJ_21 /* Debug */,
				OBJ_22 /* Release */,
			);
			defaultConfigurationIsVisible = 0;
			defaultConfigurationName = Debug;
		};
		OBJ_26 /* Build configuration list for PBXNativeTarget "DeviceUtilTests" */ = {
			isa = XCConfigurationList;
			buildConfigurations = (
				OBJ_27 /* Debug */,
				OBJ_28 /* Release */,
			);
			defaultConfigurationIsVisible = 0;
			defaultConfigurationName = Debug;
		};
		OBJ_35 /* Build configuration list for PBXNativeTarget "DeviceUtil" */ = {
			isa = XCConfigurationList;
			buildConfigurations = (
				OBJ_36 /* Debug */,
				OBJ_37 /* Release */,
			);
			defaultConfigurationIsVisible = 0;
			defaultConfigurationName = Debug;
		};
		OBJ_42 /* Build configuration list for PBXAggregateTarget "DeviceUtilPackageTests" */ = {
			isa = XCConfigurationList;
			buildConfigurations = (
				OBJ_43 /* Debug */,
				OBJ_44 /* Release */,
			);
			defaultConfigurationIsVisible = 0;
			defaultConfigurationName = Debug;
		};
/* End XCConfigurationList section */
	};
	rootObject = OBJ_1 /* Project object */;
}
